
Microsoft Visual Studio Solution File, Format Version 12.00
# Visual Studio Version 17
VisualStudioVersion = 17.13.35818.85
MinimumVisualStudioVersion = 10.0.40219.1
Project("{FAE04EC0-301F-11D3-BF4B-00C04F79EFBC}") = "EllisHope", "EllisHope.csproj", "{DF618462-DEE8-4CF7-99C4-CFAB8A1D318C}"
EndProject
Project("{FAE04EC0-301F-11D3-BF4B-00C04F79EFBC}") = "ScssSelectorScanner", "..\ScssSelectorScanner\ScssSelectorScanner.csproj", "{486DD20A-E77C-4C6C-84CB-034C380FF1C5}"
EndProject
Project("{FAE04EC0-301F-11D3-BF4B-00C04F79EFBC}") = "EllisHope.Tests", "EllisHope.Tests\EllisHope.Tests.csproj", "{A1234567-89AB-CDEF-0123-456789ABCDEF}"
EndProject
Global
	GlobalSection(SolutionConfigurationPlatforms) = preSolution
		Debug|Any CPU = Debug|Any CPU
		Release|Any CPU = Release|Any CPU
	EndGlobalSection
	GlobalSection(ProjectConfigurationPlatforms) = postSolution
		{DF618462-DEE8-4CF7-99C4-CFAB8A1D318C}.Debug|Any CPU.ActiveCfg = Debug|Any CPU
		{DF618462-DEE8-4CF7-99C4-CFAB8A1D318C}.Debug|Any CPU.Build.0 = Debug|Any CPU
		{DF618462-DEE8-4CF7-99C4-CFAB8A1D318C}.Release|Any CPU.ActiveCfg = Release|Any CPU
		{DF618462-DEE8-4CF7-99C4-CFAB8A1D318C}.Release|Any CPU.Build.0 = Release|Any CPU
		{486DD20A-E77C-4C6C-84CB-034C380FF1C5}.Debug|Any CPU.ActiveCfg = Debug|Any CPU
		{486DD20A-E77C-4C6C-84CB-034C380FF1C5}.Debug|Any CPU.Build.0 = Debug|Any CPU
		{486DD20A-E77C-4C6C-84CB-034C380FF1C5}.Release|Any CPU.ActiveCfg = Release|Any CPU
		{486DD20A-E77C-4C6C-84CB-034C380FF1C5}.Release|Any CPU.Build.0 = Release|Any CPU
		{A1234567-89AB-CDEF-0123-456789ABCDEF}.Debug|Any CPU.ActiveCfg = Debug|Any CPU
		{A1234567-89AB-CDEF-0123-456789ABCDEF}.Debug|Any CPU.Build.0 = Debug|Any CPU
		{A1234567-89AB-CDEF-0123-456789ABCDEF}.Release|Any CPU.ActiveCfg = Release|Any CPU
		{A1234567-89AB-CDEF-0123-456789ABCDEF}.Release|Any CPU.Build.0 = Release|Any CPU
	EndGlobalSection
	GlobalSection(SolutionProperties) = preSolution
		HideSolutionNode = FALSE
	EndGlobalSection
	GlobalSection(ExtensibilityGlobals) = postSolution
		SolutionGuid = {630803FE-41A7-433F-8261-B1907AB9E445}
	EndGlobalSection
EndGlobal
